{
    "version": 3,
    "terraform_version": "0.11.13",
    "serial": 4,
    "lineage": "0b3a46e9-0d49-54c7-5d7b-f140f489ab1a",
    "modules": [
        {
            "path": [
                "root"
            ],
            "outputs": {
                "Container Name": {
                    "sensitive": false,
                    "type": "string",
                    "value": "dev_blog"
                },
                "IP Address": {
                    "sensitive": false,
                    "type": "string",
                    "value": "172.17.0.2"
                }
            },
            "resources": {
                "null_resource.null_id": {
                    "type": "null_resource",
                    "depends_on": [
                        "module.container"
                    ],
                    "primary": {
                        "id": "230379137128400674",
                        "attributes": {
                            "id": "230379137128400674"
                        },
                        "meta": {},
                        "tainted": false
                    },
                    "deposed": [],
                    "provider": "provider.null"
                }
            },
            "depends_on": []
        },
        {
            "path": [
                "root",
                "container"
            ],
            "outputs": {
                "container_name": {
                    "sensitive": false,
                    "type": "string",
                    "value": "dev_blog"
                },
                "ip": {
                    "sensitive": false,
                    "type": "string",
                    "value": "172.17.0.2"
                }
            },
            "resources": {
                "docker_container.container_id": {
                    "type": "docker_container",
                    "depends_on": [],
                    "primary": {
                        "id": "b78c7e987f2a163dae4bb7e8e78219eaed8c6831c5117162a60d88530bb4842a",
                        "attributes": {
                            "attach": "false",
                            "bridge": "",
                            "gateway": "172.17.0.1",
                            "id": "b78c7e987f2a163dae4bb7e8e78219eaed8c6831c5117162a60d88530bb4842a",
                            "image": "sha256:3aa346f8e22c5459e1008bf45ebf8fed8cac5f9815f71c01d4f673ba7e022ca7",
                            "ip_address": "172.17.0.2",
                            "ip_prefix_length": "16",
                            "log_driver": "json-file",
                            "logs": "false",
                            "must_run": "true",
                            "name": "dev_blog",
                            "network_data.#": "1",
                            "network_data.0.gateway": "172.17.0.1",
                            "network_data.0.ip_address": "172.17.0.2",
                            "network_data.0.ip_prefix_length": "16",
                            "network_data.0.network_name": "bridge",
                            "ports.#": "1",
                            "ports.0.external": "8081",
                            "ports.0.internal": "2368",
                            "ports.0.ip": "0.0.0.0",
                            "ports.0.protocol": "tcp",
                            "restart": "no",
                            "rm": "false",
                            "start": "true"
                        },
                        "meta": {
                            "schema_version": "1"
                        },
                        "tainted": false
                    },
                    "deposed": [],
                    "provider": "provider.docker"
                }
            },
            "depends_on": []
        },
        {
            "path": [
                "root",
                "image"
            ],
            "outputs": {
                "image_out": {
                    "sensitive": false,
                    "type": "string",
                    "value": "sha256:3aa346f8e22c5459e1008bf45ebf8fed8cac5f9815f71c01d4f673ba7e022ca7"
                }
            },
            "resources": {
                "docker_image.image_id": {
                    "type": "docker_image",
                    "depends_on": [],
                    "primary": {
                        "id": "sha256:3aa346f8e22c5459e1008bf45ebf8fed8cac5f9815f71c01d4f673ba7e022ca7ghost:latest",
                        "attributes": {
                            "id": "sha256:3aa346f8e22c5459e1008bf45ebf8fed8cac5f9815f71c01d4f673ba7e022ca7ghost:latest",
                            "latest": "sha256:3aa346f8e22c5459e1008bf45ebf8fed8cac5f9815f71c01d4f673ba7e022ca7",
                            "name": "ghost:latest"
                        },
                        "meta": {},
                        "tainted": false
                    },
                    "deposed": [],
                    "provider": "provider.docker"
                }
            },
            "depends_on": []
        }
    ]
}
